
Microsoft Visual Studio Solution File, Format Version 12.00
# Visual Studio Version 16
VisualStudioVersion = 16.0.30104.148
MinimumVisualStudioVersion = 10.0.40219.1
Project("{FAE04EC0-301F-11D3-BF4B-00C04F79EFBC}") = "RestaurantManagementSystem", "RestaurantManagementSystem\RestaurantManagementSystem.csproj", "{1F06272E-419F-4ECA-BD58-0AEE25E1633D}"
EndProject
Global
	GlobalSection(SolutionConfigurationPlatforms) = preSolution
		Debug|Any CPU = Debug|Any CPU
		Release|Any CPU = Release|Any CPU
	EndGlobalSection
	GlobalSection(ProjectConfigurationPlatforms) = postSolution
		{1F06272E-419F-4ECA-BD58-0AEE25E1633D}.Debug|Any CPU.ActiveCfg = Debug|Any CPU
		{1F06272E-419F-4ECA-BD58-0AEE25E1633D}.Debug|Any CPU.Build.0 = Debug|Any CPU
		{1F06272E-419F-4ECA-BD58-0AEE25E1633D}.Release|Any CPU.ActiveCfg = Release|Any CPU
		{1F06272E-419F-4ECA-BD58-0AEE25E1633D}.Release|Any CPU.Build.0 = Release|Any CPU
	EndGlobalSection
	GlobalSection(SolutionProperties) = preSolution
		HideSolutionNode = FALSE
	EndGlobalSection
	GlobalSection(ExtensibilityGlobals) = postSolution
		SolutionGuid = {8B2616DF-5491-4EF8-90C3-0F13B376F5A8}
	EndGlobalSection
EndGlobal
